// !$*UTF8*$!
{
	archiveVersion = 1;
	classes = {
	};
	objectVersion = 46;
	objects = {

/* Begin PBXBuildFile section */
		793D3D0D1CB3D5EC00CB16AB /* GraphNode.m in Sources */ = {isa = PBXBuildFile; fileRef = 793D3D0C1CB3D5EC00CB16AB /* GraphNode.m */; };
		793D3D0E1CB3D5EC00CB16AB /* GraphNode.m in Sources */ = {isa = PBXBuildFile; fileRef = 793D3D0C1CB3D5EC00CB16AB /* GraphNode.m */; };
		7946C46D1CAB14ED001F0758 /* CrackingStacksAndQueues.m in Sources */ = {isa = PBXBuildFile; fileRef = 7946C46C1CAB14ED001F0758 /* CrackingStacksAndQueues.m */; };
		7946C46E1CAB14ED001F0758 /* CrackingStacksAndQueues.m in Sources */ = {isa = PBXBuildFile; fileRef = 7946C46C1CAB14ED001F0758 /* CrackingStacksAndQueues.m */; };
		7946C4701CAB1524001F0758 /* CrackingStacksAndQueuesTest.m in Sources */ = {isa = PBXBuildFile; fileRef = 7946C46F1CAB1524001F0758 /* CrackingStacksAndQueuesTest.m */; };
		7946C4751CAB166D001F0758 /* Stack.m in Sources */ = {isa = PBXBuildFile; fileRef = 7946C4741CAB166D001F0758 /* Stack.m */; };
		7946C4761CAB166D001F0758 /* Stack.m in Sources */ = {isa = PBXBuildFile; fileRef = 7946C4741CAB166D001F0758 /* Stack.m */; };
		7946C47A1CAB168C001F0758 /* Queue.m in Sources */ = {isa = PBXBuildFile; fileRef = 7946C4791CAB168C001F0758 /* Queue.m */; };
		7946C47B1CAB168C001F0758 /* Queue.m in Sources */ = {isa = PBXBuildFile; fileRef = 7946C4791CAB168C001F0758 /* Queue.m */; };
		79689AF11CA877D00078DCB7 /* CrackingArraysAndStrings.m in Sources */ = {isa = PBXBuildFile; fileRef = 79689AF01CA877D00078DCB7 /* CrackingArraysAndStrings.m */; };
		79689AF51CA878AE0078DCB7 /* CrackingLinkedLists.m in Sources */ = {isa = PBXBuildFile; fileRef = 79689AF41CA878AE0078DCB7 /* CrackingLinkedLists.m */; };
		79689AF61CA878AE0078DCB7 /* CrackingLinkedLists.m in Sources */ = {isa = PBXBuildFile; fileRef = 79689AF41CA878AE0078DCB7 /* CrackingLinkedLists.m */; };
		79689AF81CA878CB0078DCB7 /* CrackingLinkedListsTest.m in Sources */ = {isa = PBXBuildFile; fileRef = 79689AF71CA878CB0078DCB7 /* CrackingLinkedListsTest.m */; };
		79689AFC1CA882B10078DCB7 /* LinkedListNode.m in Sources */ = {isa = PBXBuildFile; fileRef = 79689AFB1CA882B10078DCB7 /* LinkedListNode.m */; };
		79689AFD1CA882B10078DCB7 /* LinkedListNode.m in Sources */ = {isa = PBXBuildFile; fileRef = 79689AFB1CA882B10078DCB7 /* LinkedListNode.m */; };
		79AF04311CAC6F3B002C89D2 /* FixedSizeArrayThreesomeStack.m in Sources */ = {isa = PBXBuildFile; fileRef = 79AF04301CAC6F3B002C89D2 /* FixedSizeArrayThreesomeStack.m */; };
		79AF04321CAC6F3B002C89D2 /* FixedSizeArrayThreesomeStack.m in Sources */ = {isa = PBXBuildFile; fileRef = 79AF04301CAC6F3B002C89D2 /* FixedSizeArrayThreesomeStack.m */; };
		79B3CB151CAD3E3B00D7DB97 /* StackWithMinimum.m in Sources */ = {isa = PBXBuildFile; fileRef = 79B3CB141CAD3E3B00D7DB97 /* StackWithMinimum.m */; };
		79B3CB161CAD3E3B00D7DB97 /* StackWithMinimum.m in Sources */ = {isa = PBXBuildFile; fileRef = 79B3CB141CAD3E3B00D7DB97 /* StackWithMinimum.m */; };
		79B3CB1A1CAD441B00D7DB97 /* SetOfStacks.m in Sources */ = {isa = PBXBuildFile; fileRef = 79B3CB191CAD441B00D7DB97 /* SetOfStacks.m */; };
		79B3CB1B1CAD441B00D7DB97 /* SetOfStacks.m in Sources */ = {isa = PBXBuildFile; fileRef = 79B3CB191CAD441B00D7DB97 /* SetOfStacks.m */; };
		79B3CB1F1CADD2EE00D7DB97 /* MyQueue.m in Sources */ = {isa = PBXBuildFile; fileRef = 79B3CB1E1CADD2EE00D7DB97 /* MyQueue.m */; };
		79B3CB201CADD2EE00D7DB97 /* MyQueue.m in Sources */ = {isa = PBXBuildFile; fileRef = 79B3CB1E1CADD2EE00D7DB97 /* MyQueue.m */; };
		79B3CB241CAE94FC00D7DB97 /* AnimalShelter.m in Sources */ = {isa = PBXBuildFile; fileRef = 79B3CB231CAE94FC00D7DB97 /* AnimalShelter.m */; };
		79B3CB251CAE94FC00D7DB97 /* AnimalShelter.m in Sources */ = {isa = PBXBuildFile; fileRef = 79B3CB231CAE94FC00D7DB97 /* AnimalShelter.m */; };
		79B3CB281CAE952300D7DB97 /* Animal.m in Sources */ = {isa = PBXBuildFile; fileRef = 79B3CB271CAE952300D7DB97 /* Animal.m */; };
		79B3CB291CAE952300D7DB97 /* Animal.m in Sources */ = {isa = PBXBuildFile; fileRef = 79B3CB271CAE952300D7DB97 /* Animal.m */; };
		79B3CB2D1CAE9C4300D7DB97 /* LinkedObjectListNode.m in Sources */ = {isa = PBXBuildFile; fileRef = 79B3CB2C1CAE9C4300D7DB97 /* LinkedObjectListNode.m */; };
		79B3CB2E1CAE9C4300D7DB97 /* LinkedObjectListNode.m in Sources */ = {isa = PBXBuildFile; fileRef = 79B3CB2C1CAE9C4300D7DB97 /* LinkedObjectListNode.m */; };
		79B3CB321CB0747C00D7DB97 /* CrackingTreesAndGraphs.m in Sources */ = {isa = PBXBuildFile; fileRef = 79B3CB311CB0747C00D7DB97 /* CrackingTreesAndGraphs.m */; };
		79B3CB331CB0747C00D7DB97 /* CrackingTreesAndGraphs.m in Sources */ = {isa = PBXBuildFile; fileRef = 79B3CB311CB0747C00D7DB97 /* CrackingTreesAndGraphs.m */; };
		79B3CB351CB0749A00D7DB97 /* CrackingTreesAndGraphsTest.m in Sources */ = {isa = PBXBuildFile; fileRef = 79B3CB341CB0749A00D7DB97 /* CrackingTreesAndGraphsTest.m */; };
		79C5DC201CA2B8FC005DFD1B /* main.m in Sources */ = {isa = PBXBuildFile; fileRef = 79C5DC1F1CA2B8FC005DFD1B /* main.m */; };
		79C5DC231CA2B8FC005DFD1B /* AppDelegate.m in Sources */ = {isa = PBXBuildFile; fileRef = 79C5DC221CA2B8FC005DFD1B /* AppDelegate.m */; };
		79C5DC261CA2B8FC005DFD1B /* ViewController.m in Sources */ = {isa = PBXBuildFile; fileRef = 79C5DC251CA2B8FC005DFD1B /* ViewController.m */; };
		79C5DC291CA2B8FC005DFD1B /* Main.storyboard in Resources */ = {isa = PBXBuildFile; fileRef = 79C5DC271CA2B8FC005DFD1B /* Main.storyboard */; };
		79C5DC2B1CA2B8FC005DFD1B /* Assets.xcassets in Resources */ = {isa = PBXBuildFile; fileRef = 79C5DC2A1CA2B8FC005DFD1B /* Assets.xcassets */; };
		79C5DC2E1CA2B8FC005DFD1B /* LaunchScreen.storyboard in Resources */ = {isa = PBXBuildFile; fileRef = 79C5DC2C1CA2B8FC005DFD1B /* LaunchScreen.storyboard */; };
		79C5DC4F1CA2BB55005DFD1B /* CrackingArraysAndStringsTest.m in Sources */ = {isa = PBXBuildFile; fileRef = 79C5DC4E1CA2BB55005DFD1B /* CrackingArraysAndStringsTest.m */; };
		79FC16B91CB279AA004843CD /* BinaryTreeNode.m in Sources */ = {isa = PBXBuildFile; fileRef = 79FC16B81CB279AA004843CD /* BinaryTreeNode.m */; };
		79FC16BA1CB279AA004843CD /* BinaryTreeNode.m in Sources */ = {isa = PBXBuildFile; fileRef = 79FC16B81CB279AA004843CD /* BinaryTreeNode.m */; };
/* End PBXBuildFile section */

/* Begin PBXContainerItemProxy section */
		79C5DC351CA2B8FC005DFD1B /* PBXContainerItemProxy */ = {
			isa = PBXContainerItemProxy;
			containerPortal = 79C5DC131CA2B8FC005DFD1B /* Project object */;
			proxyType = 1;
			remoteGlobalIDString = 79C5DC1A1CA2B8FC005DFD1B;
			remoteInfo = "interview-algorithm-in-objc";
		};
/* End PBXContainerItemProxy section */

/* Begin PBXFileReference section */
		793D3D0B1CB3D5EC00CB16AB /* GraphNode.h */ = {isa = PBXFileReference; fileEncoding = 4; lastKnownFileType = sourcecode.c.h; path = GraphNode.h; sourceTree = "<group>"; };
		793D3D0C1CB3D5EC00CB16AB /* GraphNode.m */ = {isa = PBXFileReference; fileEncoding = 4; lastKnownFileType = sourcecode.c.objc; path = GraphNode.m; sourceTree = "<group>"; };
		7946C46B1CAB14ED001F0758 /* CrackingStacksAndQueues.h */ = {isa = PBXFileReference; fileEncoding = 4; lastKnownFileType = sourcecode.c.h; name = CrackingStacksAndQueues.h; path = Algorithms/CrackingTheCodingInterview/CrackingDataStructures/CrackingStacksAndQueues/CrackingStacksAndQueues.h; sourceTree = "<group>"; };
		7946C46C1CAB14ED001F0758 /* CrackingStacksAndQueues.m */ = {isa = PBXFileReference; fileEncoding = 4; lastKnownFileType = sourcecode.c.objc; name = CrackingStacksAndQueues.m; path = Algorithms/CrackingTheCodingInterview/CrackingDataStructures/CrackingStacksAndQueues/CrackingStacksAndQueues.m; sourceTree = "<group>"; };
		7946C46F1CAB1524001F0758 /* CrackingStacksAndQueuesTest.m */ = {isa = PBXFileReference; fileEncoding = 4; lastKnownFileType = sourcecode.c.objc; name = CrackingStacksAndQueuesTest.m; path = CrackingTheCodingInterviewTests/CrackingDataStructuresTest/CrackingStacksAndQueuesTest.m; sourceTree = "<group>"; };
		7946C4731CAB166D001F0758 /* Stack.h */ = {isa = PBXFileReference; fileEncoding = 4; lastKnownFileType = sourcecode.c.h; name = Stack.h; path = Algorithms/CrackingTheCodingInterview/CrackingDataStructures/CrackingStacksAndQueues/Stack/Stack.h; sourceTree = "<group>"; };
		7946C4741CAB166D001F0758 /* Stack.m */ = {isa = PBXFileReference; fileEncoding = 4; lastKnownFileType = sourcecode.c.objc; name = Stack.m; path = Algorithms/CrackingTheCodingInterview/CrackingDataStructures/CrackingStacksAndQueues/Stack/Stack.m; sourceTree = "<group>"; };
		7946C4781CAB168C001F0758 /* Queue.h */ = {isa = PBXFileReference; fileEncoding = 4; lastKnownFileType = sourcecode.c.h; name = Queue.h; path = Algorithms/CrackingTheCodingInterview/CrackingDataStructures/CrackingStacksAndQueues/Queue/Queue.h; sourceTree = "<group>"; };
		7946C4791CAB168C001F0758 /* Queue.m */ = {isa = PBXFileReference; fileEncoding = 4; lastKnownFileType = sourcecode.c.objc; name = Queue.m; path = Algorithms/CrackingTheCodingInterview/CrackingDataStructures/CrackingStacksAndQueues/Queue/Queue.m; sourceTree = "<group>"; };
		79689AEF1CA877D00078DCB7 /* CrackingArraysAndStrings.h */ = {isa = PBXFileReference; fileEncoding = 4; lastKnownFileType = sourcecode.c.h; path = CrackingArraysAndStrings.h; sourceTree = "<group>"; };
		79689AF01CA877D00078DCB7 /* CrackingArraysAndStrings.m */ = {isa = PBXFileReference; fileEncoding = 4; lastKnownFileType = sourcecode.c.objc; path = CrackingArraysAndStrings.m; sourceTree = "<group>"; };
		79689AF31CA878AE0078DCB7 /* CrackingLinkedLists.h */ = {isa = PBXFileReference; fileEncoding = 4; lastKnownFileType = sourcecode.c.h; name = CrackingLinkedLists.h; path = Algorithms/CrackingTheCodingInterview/CrackingDataStructures/CrackingLinkedLists/CrackingLinkedLists.h; sourceTree = "<group>"; };
		79689AF41CA878AE0078DCB7 /* CrackingLinkedLists.m */ = {isa = PBXFileReference; fileEncoding = 4; lastKnownFileType = sourcecode.c.objc; name = CrackingLinkedLists.m; path = Algorithms/CrackingTheCodingInterview/CrackingDataStructures/CrackingLinkedLists/CrackingLinkedLists.m; sourceTree = "<group>"; };
		79689AF71CA878CB0078DCB7 /* CrackingLinkedListsTest.m */ = {isa = PBXFileReference; fileEncoding = 4; lastKnownFileType = sourcecode.c.objc; name = CrackingLinkedListsTest.m; path = CrackingTheCodingInterviewTests/CrackingDataStructuresTest/CrackingLinkedListsTest.m; sourceTree = "<group>"; };
		79689AFA1CA882B10078DCB7 /* LinkedListNode.h */ = {isa = PBXFileReference; fileEncoding = 4; lastKnownFileType = sourcecode.c.h; name = LinkedListNode.h; path = Algorithms/CrackingTheCodingInterview/CrackingDataStructures/CrackingLinkedLists/LinkedListNode/LinkedListNode.h; sourceTree = "<group>"; };
		79689AFB1CA882B10078DCB7 /* LinkedListNode.m */ = {isa = PBXFileReference; fileEncoding = 4; lastKnownFileType = sourcecode.c.objc; name = LinkedListNode.m; path = Algorithms/CrackingTheCodingInterview/CrackingDataStructures/CrackingLinkedLists/LinkedListNode/LinkedListNode.m; sourceTree = "<group>"; };
		79AF042F1CAC6F3B002C89D2 /* FixedSizeArrayThreesomeStack.h */ = {isa = PBXFileReference; fileEncoding = 4; lastKnownFileType = sourcecode.c.h; path = FixedSizeArrayThreesomeStack.h; sourceTree = "<group>"; };
		79AF04301CAC6F3B002C89D2 /* FixedSizeArrayThreesomeStack.m */ = {isa = PBXFileReference; fileEncoding = 4; lastKnownFileType = sourcecode.c.objc; path = FixedSizeArrayThreesomeStack.m; sourceTree = "<group>"; };
		79B3CB131CAD3E3B00D7DB97 /* StackWithMinimum.h */ = {isa = PBXFileReference; fileEncoding = 4; lastKnownFileType = sourcecode.c.h; name = StackWithMinimum.h; path = Algorithms/CrackingTheCodingInterview/CrackingDataStructures/CrackingStacksAndQueues/StackWithMinimum/StackWithMinimum.h; sourceTree = "<group>"; };
		79B3CB141CAD3E3B00D7DB97 /* StackWithMinimum.m */ = {isa = PBXFileReference; fileEncoding = 4; lastKnownFileType = sourcecode.c.objc; name = StackWithMinimum.m; path = Algorithms/CrackingTheCodingInterview/CrackingDataStructures/CrackingStacksAndQueues/StackWithMinimum/StackWithMinimum.m; sourceTree = "<group>"; };
		79B3CB181CAD441B00D7DB97 /* SetOfStacks.h */ = {isa = PBXFileReference; fileEncoding = 4; lastKnownFileType = sourcecode.c.h; name = SetOfStacks.h; path = Algorithms/CrackingTheCodingInterview/CrackingDataStructures/CrackingStacksAndQueues/SetOfStacks/SetOfStacks.h; sourceTree = "<group>"; };
		79B3CB191CAD441B00D7DB97 /* SetOfStacks.m */ = {isa = PBXFileReference; fileEncoding = 4; lastKnownFileType = sourcecode.c.objc; name = SetOfStacks.m; path = Algorithms/CrackingTheCodingInterview/CrackingDataStructures/CrackingStacksAndQueues/SetOfStacks/SetOfStacks.m; sourceTree = "<group>"; };
		79B3CB1D1CADD2EE00D7DB97 /* MyQueue.h */ = {isa = PBXFileReference; fileEncoding = 4; lastKnownFileType = sourcecode.c.h; name = MyQueue.h; path = Algorithms/CrackingTheCodingInterview/CrackingDataStructures/CrackingStacksAndQueues/MyQueue/MyQueue.h; sourceTree = "<group>"; };
		79B3CB1E1CADD2EE00D7DB97 /* MyQueue.m */ = {isa = PBXFileReference; fileEncoding = 4; lastKnownFileType = sourcecode.c.objc; name = MyQueue.m; path = Algorithms/CrackingTheCodingInterview/CrackingDataStructures/CrackingStacksAndQueues/MyQueue/MyQueue.m; sourceTree = "<group>"; };
		79B3CB221CAE94FC00D7DB97 /* AnimalShelter.h */ = {isa = PBXFileReference; fileEncoding = 4; lastKnownFileType = sourcecode.c.h; name = AnimalShelter.h; path = Algorithms/CrackingTheCodingInterview/CrackingDataStructures/CrackingStacksAndQueues/AnimalShelter/AnimalShelter.h; sourceTree = "<group>"; };
		79B3CB231CAE94FC00D7DB97 /* AnimalShelter.m */ = {isa = PBXFileReference; fileEncoding = 4; lastKnownFileType = sourcecode.c.objc; name = AnimalShelter.m; path = Algorithms/CrackingTheCodingInterview/CrackingDataStructures/CrackingStacksAndQueues/AnimalShelter/AnimalShelter.m; sourceTree = "<group>"; };
		79B3CB261CAE952300D7DB97 /* Animal.h */ = {isa = PBXFileReference; fileEncoding = 4; lastKnownFileType = sourcecode.c.h; name = Animal.h; path = Algorithms/CrackingTheCodingInterview/CrackingDataStructures/CrackingStacksAndQueues/AnimalShelter/Animal.h; sourceTree = "<group>"; };
		79B3CB271CAE952300D7DB97 /* Animal.m */ = {isa = PBXFileReference; fileEncoding = 4; lastKnownFileType = sourcecode.c.objc; name = Animal.m; path = Algorithms/CrackingTheCodingInterview/CrackingDataStructures/CrackingStacksAndQueues/AnimalShelter/Animal.m; sourceTree = "<group>"; };
		79B3CB2B1CAE9C4300D7DB97 /* LinkedObjectListNode.h */ = {isa = PBXFileReference; fileEncoding = 4; lastKnownFileType = sourcecode.c.h; name = LinkedObjectListNode.h; path = Algorithms/CrackingTheCodingInterview/CrackingDataStructures/CrackingLinkedLists/LinkedObjectListNode/LinkedObjectListNode.h; sourceTree = "<group>"; };
		79B3CB2C1CAE9C4300D7DB97 /* LinkedObjectListNode.m */ = {isa = PBXFileReference; fileEncoding = 4; lastKnownFileType = sourcecode.c.objc; name = LinkedObjectListNode.m; path = Algorithms/CrackingTheCodingInterview/CrackingDataStructures/CrackingLinkedLists/LinkedObjectListNode/LinkedObjectListNode.m; sourceTree = "<group>"; };
		79B3CB301CB0747C00D7DB97 /* CrackingTreesAndGraphs.h */ = {isa = PBXFileReference; fileEncoding = 4; lastKnownFileType = sourcecode.c.h; name = CrackingTreesAndGraphs.h; path = Algorithms/CrackingTheCodingInterview/CrackingDataStructures/CrackingTreesAndGraphs/CrackingTreesAndGraphs.h; sourceTree = "<group>"; };
		79B3CB311CB0747C00D7DB97 /* CrackingTreesAndGraphs.m */ = {isa = PBXFileReference; fileEncoding = 4; lastKnownFileType = sourcecode.c.objc; name = CrackingTreesAndGraphs.m; path = Algorithms/CrackingTheCodingInterview/CrackingDataStructures/CrackingTreesAndGraphs/CrackingTreesAndGraphs.m; sourceTree = "<group>"; };
		79B3CB341CB0749A00D7DB97 /* CrackingTreesAndGraphsTest.m */ = {isa = PBXFileReference; fileEncoding = 4; lastKnownFileType = sourcecode.c.objc; name = CrackingTreesAndGraphsTest.m; path = CrackingTheCodingInterviewTests/CrackingDataStructuresTest/CrackingTreesAndGraphsTest.m; sourceTree = "<group>"; };
		79C5DC1B1CA2B8FC005DFD1B /* interview-algorithm-in-objc.app */ = {isa = PBXFileReference; explicitFileType = wrapper.application; includeInIndex = 0; path = "interview-algorithm-in-objc.app"; sourceTree = BUILT_PRODUCTS_DIR; };
		79C5DC1F1CA2B8FC005DFD1B /* main.m */ = {isa = PBXFileReference; lastKnownFileType = sourcecode.c.objc; path = main.m; sourceTree = "<group>"; };
		79C5DC211CA2B8FC005DFD1B /* AppDelegate.h */ = {isa = PBXFileReference; lastKnownFileType = sourcecode.c.h; path = AppDelegate.h; sourceTree = "<group>"; };
		79C5DC221CA2B8FC005DFD1B /* AppDelegate.m */ = {isa = PBXFileReference; lastKnownFileType = sourcecode.c.objc; path = AppDelegate.m; sourceTree = "<group>"; };
		79C5DC241CA2B8FC005DFD1B /* ViewController.h */ = {isa = PBXFileReference; lastKnownFileType = sourcecode.c.h; path = ViewController.h; sourceTree = "<group>"; };
		79C5DC251CA2B8FC005DFD1B /* ViewController.m */ = {isa = PBXFileReference; lastKnownFileType = sourcecode.c.objc; path = ViewController.m; sourceTree = "<group>"; };
		79C5DC281CA2B8FC005DFD1B /* Base */ = {isa = PBXFileReference; lastKnownFileType = file.storyboard; name = Base; path = Base.lproj/Main.storyboard; sourceTree = "<group>"; };
		79C5DC2A1CA2B8FC005DFD1B /* Assets.xcassets */ = {isa = PBXFileReference; lastKnownFileType = folder.assetcatalog; path = Assets.xcassets; sourceTree = "<group>"; };
		79C5DC2D1CA2B8FC005DFD1B /* Base */ = {isa = PBXFileReference; lastKnownFileType = file.storyboard; name = Base; path = Base.lproj/LaunchScreen.storyboard; sourceTree = "<group>"; };
		79C5DC2F1CA2B8FC005DFD1B /* Info.plist */ = {isa = PBXFileReference; lastKnownFileType = text.plist.xml; path = Info.plist; sourceTree = "<group>"; };
		79C5DC341CA2B8FC005DFD1B /* interview-algorithm-in-objcTests.xctest */ = {isa = PBXFileReference; explicitFileType = wrapper.cfbundle; includeInIndex = 0; path = "interview-algorithm-in-objcTests.xctest"; sourceTree = BUILT_PRODUCTS_DIR; };
		79C5DC3A1CA2B8FC005DFD1B /* Info.plist */ = {isa = PBXFileReference; lastKnownFileType = text.plist.xml; path = Info.plist; sourceTree = "<group>"; };
		79C5DC4E1CA2BB55005DFD1B /* CrackingArraysAndStringsTest.m */ = {isa = PBXFileReference; fileEncoding = 4; lastKnownFileType = sourcecode.c.objc; name = CrackingArraysAndStringsTest.m; path = CrackingTheCodingInterviewTests/CrackingDataStructuresTest/CrackingArraysAndStringsTest.m; sourceTree = "<group>"; };
		79FC16B71CB279AA004843CD /* BinaryTreeNode.h */ = {isa = PBXFileReference; fileEncoding = 4; lastKnownFileType = sourcecode.c.h; name = BinaryTreeNode.h; path = Algorithms/CrackingTheCodingInterview/CrackingDataStructures/CrackingTreesAndGraphs/BinaryTreeNode/BinaryTreeNode.h; sourceTree = "<group>"; };
		79FC16B81CB279AA004843CD /* BinaryTreeNode.m */ = {isa = PBXFileReference; fileEncoding = 4; lastKnownFileType = sourcecode.c.objc; name = BinaryTreeNode.m; path = Algorithms/CrackingTheCodingInterview/CrackingDataStructures/CrackingTreesAndGraphs/BinaryTreeNode/BinaryTreeNode.m; sourceTree = "<group>"; };
/* End PBXFileReference section */

/* Begin PBXFrameworksBuildPhase section */
		79C5DC181CA2B8FC005DFD1B /* Frameworks */ = {
			isa = PBXFrameworksBuildPhase;
			buildActionMask = 2147483647;
			files = (
			);
			runOnlyForDeploymentPostprocessing = 0;
		};
		79C5DC311CA2B8FC005DFD1B /* Frameworks */ = {
			isa = PBXFrameworksBuildPhase;
			buildActionMask = 2147483647;
			files = (
			);
			runOnlyForDeploymentPostprocessing = 0;
		};
/* End PBXFrameworksBuildPhase section */

/* Begin PBXGroup section */
		793D3D0A1CB3D5EC00CB16AB /* GraphNode */ = {
			isa = PBXGroup;
			children = (
				793D3D0B1CB3D5EC00CB16AB /* GraphNode.h */,
				793D3D0C1CB3D5EC00CB16AB /* GraphNode.m */,
			);
			name = GraphNode;
			path = Algorithms/CrackingTheCodingInterview/CrackingDataStructures/CrackingTreesAndGraphs/GraphNode;
			sourceTree = "<group>";
		};
		7946C46A1CAB12A1001F0758 /* CrackingStacksAndQueues */ = {
			isa = PBXGroup;
			children = (
				7946C46B1CAB14ED001F0758 /* CrackingStacksAndQueues.h */,
				7946C46C1CAB14ED001F0758 /* CrackingStacksAndQueues.m */,
				79B3CB211CAE94C200D7DB97 /* AnimalShelter */,
				79AF042E1CAC6F3B002C89D2 /* FixedSizeArrayThreesomeStack */,
				79B3CB1C1CADD2C500D7DB97 /* MyQueue */,
				7946C4721CAB15EE001F0758 /* Queue */,
				79B3CB171CAD43D700D7DB97 /* SetOfStacks */,
				7946C4711CAB15E1001F0758 /* Stack */,
				79B3CB121CAD3E1100D7DB97 /* StackWithMinimum */,
			);
			name = CrackingStacksAndQueues;
			sourceTree = "<group>";
		};
		7946C4711CAB15E1001F0758 /* Stack */ = {
			isa = PBXGroup;
			children = (
				7946C4731CAB166D001F0758 /* Stack.h */,
				7946C4741CAB166D001F0758 /* Stack.m */,
			);
			name = Stack;
			sourceTree = "<group>";
		};
		7946C4721CAB15EE001F0758 /* Queue */ = {
			isa = PBXGroup;
			children = (
				7946C4781CAB168C001F0758 /* Queue.h */,
				7946C4791CAB168C001F0758 /* Queue.m */,
			);
			name = Queue;
			sourceTree = "<group>";
		};
		79689AEE1CA877D00078DCB7 /* CrackingArraysAndStrings */ = {
			isa = PBXGroup;
			children = (
				79689AEF1CA877D00078DCB7 /* CrackingArraysAndStrings.h */,
				79689AF01CA877D00078DCB7 /* CrackingArraysAndStrings.m */,
			);
			name = CrackingArraysAndStrings;
			path = Algorithms/CrackingTheCodingInterview/CrackingDataStructures/CrackingArraysAndStrings;
			sourceTree = "<group>";
		};
		79689AF21CA878450078DCB7 /* CrackingLinkedLists */ = {
			isa = PBXGroup;
			children = (
				79689AF31CA878AE0078DCB7 /* CrackingLinkedLists.h */,
				79689AF41CA878AE0078DCB7 /* CrackingLinkedLists.m */,
				79689AF91CA8828B0078DCB7 /* LInkedListNode */,
				79B3CB2A1CAE9C0F00D7DB97 /* LinkedObjectListNode */,
			);
			name = CrackingLinkedLists;
			sourceTree = "<group>";
		};
		79689AF91CA8828B0078DCB7 /* LInkedListNode */ = {
			isa = PBXGroup;
			children = (
				79689AFA1CA882B10078DCB7 /* LinkedListNode.h */,
				79689AFB1CA882B10078DCB7 /* LinkedListNode.m */,
			);
			name = LInkedListNode;
			sourceTree = "<group>";
		};
		79AF042E1CAC6F3B002C89D2 /* FixedSizeArrayThreesomeStack */ = {
			isa = PBXGroup;
			children = (
				79AF042F1CAC6F3B002C89D2 /* FixedSizeArrayThreesomeStack.h */,
				79AF04301CAC6F3B002C89D2 /* FixedSizeArrayThreesomeStack.m */,
			);
			name = FixedSizeArrayThreesomeStack;
			path = Algorithms/CrackingTheCodingInterview/CrackingDataStructures/CrackingStacksAndQueues/FixedSizeArrayThreesomeStack;
			sourceTree = "<group>";
		};
		79B3CB121CAD3E1100D7DB97 /* StackWithMinimum */ = {
			isa = PBXGroup;
			children = (
				79B3CB131CAD3E3B00D7DB97 /* StackWithMinimum.h */,
				79B3CB141CAD3E3B00D7DB97 /* StackWithMinimum.m */,
			);
			name = StackWithMinimum;
			sourceTree = "<group>";
		};
		79B3CB171CAD43D700D7DB97 /* SetOfStacks */ = {
			isa = PBXGroup;
			children = (
				79B3CB181CAD441B00D7DB97 /* SetOfStacks.h */,
				79B3CB191CAD441B00D7DB97 /* SetOfStacks.m */,
			);
			name = SetOfStacks;
			sourceTree = "<group>";
		};
		79B3CB1C1CADD2C500D7DB97 /* MyQueue */ = {
			isa = PBXGroup;
			children = (
				79B3CB1D1CADD2EE00D7DB97 /* MyQueue.h */,
				79B3CB1E1CADD2EE00D7DB97 /* MyQueue.m */,
			);
			name = MyQueue;
			sourceTree = "<group>";
		};
		79B3CB211CAE94C200D7DB97 /* AnimalShelter */ = {
			isa = PBXGroup;
			children = (
				79B3CB221CAE94FC00D7DB97 /* AnimalShelter.h */,
				79B3CB231CAE94FC00D7DB97 /* AnimalShelter.m */,
				79B3CB261CAE952300D7DB97 /* Animal.h */,
				79B3CB271CAE952300D7DB97 /* Animal.m */,
			);
			name = AnimalShelter;
			sourceTree = "<group>";
		};
		79B3CB2A1CAE9C0F00D7DB97 /* LinkedObjectListNode */ = {
			isa = PBXGroup;
			children = (
				79B3CB2B1CAE9C4300D7DB97 /* LinkedObjectListNode.h */,
				79B3CB2C1CAE9C4300D7DB97 /* LinkedObjectListNode.m */,
			);
			name = LinkedObjectListNode;
			sourceTree = "<group>";
		};
		79B3CB2F1CB06EB900D7DB97 /* CrackingTreesAndGraphs */ = {
			isa = PBXGroup;
			children = (
				79B3CB301CB0747C00D7DB97 /* CrackingTreesAndGraphs.h */,
				79B3CB311CB0747C00D7DB97 /* CrackingTreesAndGraphs.m */,
				79FC16B61CB27777004843CD /* BinaryTreeNode */,
				793D3D0A1CB3D5EC00CB16AB /* GraphNode */,
			);
			name = CrackingTreesAndGraphs;
			sourceTree = "<group>";
		};
		79C5DC121CA2B8FC005DFD1B = {
			isa = PBXGroup;
			children = (
				79C5DC1D1CA2B8FC005DFD1B /* interview-algorithm-in-objc */,
				79C5DC371CA2B8FC005DFD1B /* interview-algorithm-in-objcTests */,
				79C5DC1C1CA2B8FC005DFD1B /* Products */,
			);
			sourceTree = "<group>";
		};
		79C5DC1C1CA2B8FC005DFD1B /* Products */ = {
			isa = PBXGroup;
			children = (
				79C5DC1B1CA2B8FC005DFD1B /* interview-algorithm-in-objc.app */,
				79C5DC341CA2B8FC005DFD1B /* interview-algorithm-in-objcTests.xctest */,
			);
			name = Products;
			sourceTree = "<group>";
		};
		79C5DC1D1CA2B8FC005DFD1B /* interview-algorithm-in-objc */ = {
			isa = PBXGroup;
			children = (
				79C5DC451CA2B957005DFD1B /* Algorithms */,
				79C5DC431CA2B914005DFD1B /* App */,
				79C5DC441CA2B922005DFD1B /* Resources */,
				79C5DC1E1CA2B8FC005DFD1B /* Supporting Files */,
			);
			path = "interview-algorithm-in-objc";
			sourceTree = "<group>";
		};
		79C5DC1E1CA2B8FC005DFD1B /* Supporting Files */ = {
			isa = PBXGroup;
			children = (
				79C5DC2F1CA2B8FC005DFD1B /* Info.plist */,
				79C5DC1F1CA2B8FC005DFD1B /* main.m */,
			);
			name = "Supporting Files";
			sourceTree = "<group>";
		};
		79C5DC371CA2B8FC005DFD1B /* interview-algorithm-in-objcTests */ = {
			isa = PBXGroup;
			children = (
				79C5DC4C1CA2BAF1005DFD1B /* CrackingTheCodingInterviewTests */,
				79C5DC3A1CA2B8FC005DFD1B /* Info.plist */,
			);
			path = "interview-algorithm-in-objcTests";
			sourceTree = "<group>";
		};
		79C5DC431CA2B914005DFD1B /* App */ = {
			isa = PBXGroup;
			children = (
				79C5DC211CA2B8FC005DFD1B /* AppDelegate.h */,
				79C5DC221CA2B8FC005DFD1B /* AppDelegate.m */,
				79C5DC241CA2B8FC005DFD1B /* ViewController.h */,
				79C5DC251CA2B8FC005DFD1B /* ViewController.m */,
			);
			name = App;
			sourceTree = "<group>";
		};
		79C5DC441CA2B922005DFD1B /* Resources */ = {
			isa = PBXGroup;
			children = (
				79C5DC271CA2B8FC005DFD1B /* Main.storyboard */,
				79C5DC2A1CA2B8FC005DFD1B /* Assets.xcassets */,
				79C5DC2C1CA2B8FC005DFD1B /* LaunchScreen.storyboard */,
			);
			name = Resources;
			sourceTree = "<group>";
		};
		79C5DC451CA2B957005DFD1B /* Algorithms */ = {
			isa = PBXGroup;
			children = (
				79C5DC461CA2B968005DFD1B /* CrackingTheCodingInterview */,
			);
			name = Algorithms;
			sourceTree = "<group>";
		};
		79C5DC461CA2B968005DFD1B /* CrackingTheCodingInterview */ = {
			isa = PBXGroup;
			children = (
				79C5DC471CA2B9AD005DFD1B /* CrackingDataStructures */,
			);
			name = CrackingTheCodingInterview;
			sourceTree = "<group>";
		};
		79C5DC471CA2B9AD005DFD1B /* CrackingDataStructures */ = {
			isa = PBXGroup;
			children = (
				79B3CB2F1CB06EB900D7DB97 /* CrackingTreesAndGraphs */,
				79689AEE1CA877D00078DCB7 /* CrackingArraysAndStrings */,
				79689AF21CA878450078DCB7 /* CrackingLinkedLists */,
				7946C46A1CAB12A1001F0758 /* CrackingStacksAndQueues */,
			);
			name = CrackingDataStructures;
			sourceTree = "<group>";
		};
		79C5DC4C1CA2BAF1005DFD1B /* CrackingTheCodingInterviewTests */ = {
			isa = PBXGroup;
			children = (
				79C5DC4D1CA2BB01005DFD1B /* CrackingDataStructuresTest */,
			);
			name = CrackingTheCodingInterviewTests;
			sourceTree = "<group>";
		};
		79C5DC4D1CA2BB01005DFD1B /* CrackingDataStructuresTest */ = {
			isa = PBXGroup;
			children = (
				79C5DC4E1CA2BB55005DFD1B /* CrackingArraysAndStringsTest.m */,
				79689AF71CA878CB0078DCB7 /* CrackingLinkedListsTest.m */,
				7946C46F1CAB1524001F0758 /* CrackingStacksAndQueuesTest.m */,
				79B3CB341CB0749A00D7DB97 /* CrackingTreesAndGraphsTest.m */,
			);
			name = CrackingDataStructuresTest;
			sourceTree = "<group>";
		};
		79FC16B61CB27777004843CD /* BinaryTreeNode */ = {
			isa = PBXGroup;
			children = (
				79FC16B71CB279AA004843CD /* BinaryTreeNode.h */,
				79FC16B81CB279AA004843CD /* BinaryTreeNode.m */,
			);
			name = BinaryTreeNode;
			sourceTree = "<group>";
		};
/* End PBXGroup section */

/* Begin PBXNativeTarget section */
		79C5DC1A1CA2B8FC005DFD1B /* interview-algorithm-in-objc */ = {
			isa = PBXNativeTarget;
			buildConfigurationList = 79C5DC3D1CA2B8FC005DFD1B /* Build configuration list for PBXNativeTarget "interview-algorithm-in-objc" */;
			buildPhases = (
				79C5DC171CA2B8FC005DFD1B /* Sources */,
				79C5DC181CA2B8FC005DFD1B /* Frameworks */,
				79C5DC191CA2B8FC005DFD1B /* Resources */,
			);
			buildRules = (
			);
			dependencies = (
			);
			name = "interview-algorithm-in-objc";
			productName = "interview-algorithm-in-objc";
			productReference = 79C5DC1B1CA2B8FC005DFD1B /* interview-algorithm-in-objc.app */;
			productType = "com.apple.product-type.application";
		};
		79C5DC331CA2B8FC005DFD1B /* interview-algorithm-in-objcTests */ = {
			isa = PBXNativeTarget;
			buildConfigurationList = 79C5DC401CA2B8FC005DFD1B /* Build configuration list for PBXNativeTarget "interview-algorithm-in-objcTests" */;
			buildPhases = (
				79C5DC301CA2B8FC005DFD1B /* Sources */,
				79C5DC311CA2B8FC005DFD1B /* Frameworks */,
				79C5DC321CA2B8FC005DFD1B /* Resources */,
			);
			buildRules = (
			);
			dependencies = (
				79C5DC361CA2B8FC005DFD1B /* PBXTargetDependency */,
			);
			name = "interview-algorithm-in-objcTests";
			productName = "interview-algorithm-in-objcTests";
			productReference = 79C5DC341CA2B8FC005DFD1B /* interview-algorithm-in-objcTests.xctest */;
			productType = "com.apple.product-type.bundle.unit-test";
		};
/* End PBXNativeTarget section */

/* Begin PBXProject section */
		79C5DC131CA2B8FC005DFD1B /* Project object */ = {
			isa = PBXProject;
			attributes = {
				LastUpgradeCheck = 0720;
				ORGANIZATIONNAME = "Bin Yu";
				TargetAttributes = {
					79C5DC1A1CA2B8FC005DFD1B = {
						CreatedOnToolsVersion = 7.2.1;
					};
					79C5DC331CA2B8FC005DFD1B = {
						CreatedOnToolsVersion = 7.2.1;
						TestTargetID = 79C5DC1A1CA2B8FC005DFD1B;
					};
				};
			};
			buildConfigurationList = 79C5DC161CA2B8FC005DFD1B /* Build configuration list for PBXProject "interview-algorithm-in-objc" */;
			compatibilityVersion = "Xcode 3.2";
			developmentRegion = English;
			hasScannedForEncodings = 0;
			knownRegions = (
				en,
				Base,
			);
			mainGroup = 79C5DC121CA2B8FC005DFD1B;
			productRefGroup = 79C5DC1C1CA2B8FC005DFD1B /* Products */;
			projectDirPath = "";
			projectRoot = "";
			targets = (
				79C5DC1A1CA2B8FC005DFD1B /* interview-algorithm-in-objc */,
				79C5DC331CA2B8FC005DFD1B /* interview-algorithm-in-objcTests */,
			);
		};
/* End PBXProject section */

/* Begin PBXResourcesBuildPhase section */
		79C5DC191CA2B8FC005DFD1B /* Resources */ = {
			isa = PBXResourcesBuildPhase;
			buildActionMask = 2147483647;
			files = (
				79C5DC2E1CA2B8FC005DFD1B /* LaunchScreen.storyboard in Resources */,
				79C5DC2B1CA2B8FC005DFD1B /* Assets.xcassets in Resources */,
				79C5DC291CA2B8FC005DFD1B /* Main.storyboard in Resources */,
			);
			runOnlyForDeploymentPostprocessing = 0;
		};
		79C5DC321CA2B8FC005DFD1B /* Resources */ = {
			isa = PBXResourcesBuildPhase;
			buildActionMask = 2147483647;
			files = (
			);
			runOnlyForDeploymentPostprocessing = 0;
		};
/* End PBXResourcesBuildPhase section */

/* Begin PBXSourcesBuildPhase section */
		79C5DC171CA2B8FC005DFD1B /* Sources */ = {
			isa = PBXSourcesBuildPhase;
			buildActionMask = 2147483647;
			files = (
				7946C4751CAB166D001F0758 /* Stack.m in Sources */,
				79B3CB2D1CAE9C4300D7DB97 /* LinkedObjectListNode.m in Sources */,
				79B3CB241CAE94FC00D7DB97 /* AnimalShelter.m in Sources */,
				79B3CB1F1CADD2EE00D7DB97 /* MyQueue.m in Sources */,
				793D3D0D1CB3D5EC00CB16AB /* GraphNode.m in Sources */,
				79FC16B91CB279AA004843CD /* BinaryTreeNode.m in Sources */,
				79689AF51CA878AE0078DCB7 /* CrackingLinkedLists.m in Sources */,
				79B3CB1A1CAD441B00D7DB97 /* SetOfStacks.m in Sources */,
				79C5DC261CA2B8FC005DFD1B /* ViewController.m in Sources */,
				79B3CB151CAD3E3B00D7DB97 /* StackWithMinimum.m in Sources */,
				7946C47A1CAB168C001F0758 /* Queue.m in Sources */,
				79689AFC1CA882B10078DCB7 /* LinkedListNode.m in Sources */,
				79AF04311CAC6F3B002C89D2 /* FixedSizeArrayThreesomeStack.m in Sources */,
				79C5DC231CA2B8FC005DFD1B /* AppDelegate.m in Sources */,
				79689AF11CA877D00078DCB7 /* CrackingArraysAndStrings.m in Sources */,
				79B3CB281CAE952300D7DB97 /* Animal.m in Sources */,
				79B3CB321CB0747C00D7DB97 /* CrackingTreesAndGraphs.m in Sources */,
				7946C46D1CAB14ED001F0758 /* CrackingStacksAndQueues.m in Sources */,
				79C5DC201CA2B8FC005DFD1B /* main.m in Sources */,
			);
			runOnlyForDeploymentPostprocessing = 0;
		};
		79C5DC301CA2B8FC005DFD1B /* Sources */ = {
			isa = PBXSourcesBuildPhase;
			buildActionMask = 2147483647;
			files = (
				79B3CB331CB0747C00D7DB97 /* CrackingTreesAndGraphs.m in Sources */,
				79B3CB251CAE94FC00D7DB97 /* AnimalShelter.m in Sources */,
				79AF04321CAC6F3B002C89D2 /* FixedSizeArrayThreesomeStack.m in Sources */,
				79689AFD1CA882B10078DCB7 /* LinkedListNode.m in Sources */,
				793D3D0E1CB3D5EC00CB16AB /* GraphNode.m in Sources */,
				79FC16BA1CB279AA004843CD /* BinaryTreeNode.m in Sources */,
				7946C4761CAB166D001F0758 /* Stack.m in Sources */,
				79B3CB201CADD2EE00D7DB97 /* MyQueue.m in Sources */,
				79B3CB2E1CAE9C4300D7DB97 /* LinkedObjectListNode.m in Sources */,
				79B3CB161CAD3E3B00D7DB97 /* StackWithMinimum.m in Sources */,
				79689AF81CA878CB0078DCB7 /* CrackingLinkedListsTest.m in Sources */,
				7946C4701CAB1524001F0758 /* CrackingStacksAndQueuesTest.m in Sources */,
				79689AF61CA878AE0078DCB7 /* CrackingLinkedLists.m in Sources */,
				79B3CB1B1CAD441B00D7DB97 /* SetOfStacks.m in Sources */,
				79C5DC4F1CA2BB55005DFD1B /* CrackingArraysAndStringsTest.m in Sources */,
				79B3CB351CB0749A00D7DB97 /* CrackingTreesAndGraphsTest.m in Sources */,
				79B3CB291CAE952300D7DB97 /* Animal.m in Sources */,
				7946C46E1CAB14ED001F0758 /* CrackingStacksAndQueues.m in Sources */,
				7946C47B1CAB168C001F0758 /* Queue.m in Sources */,
			);
			runOnlyForDeploymentPostprocessing = 0;
		};
/* End PBXSourcesBuildPhase section */

/* Begin PBXTargetDependency section */
		79C5DC361CA2B8FC005DFD1B /* PBXTargetDependency */ = {
			isa = PBXTargetDependency;
			target = 79C5DC1A1CA2B8FC005DFD1B /* interview-algorithm-in-objc */;
			targetProxy = 79C5DC351CA2B8FC005DFD1B /* PBXContainerItemProxy */;
		};
/* End PBXTargetDependency section */

/* Begin PBXVariantGroup section */
		79C5DC271CA2B8FC005DFD1B /* Main.storyboard */ = {
			isa = PBXVariantGroup;
			children = (
				79C5DC281CA2B8FC005DFD1B /* Base */,
			);
			name = Main.storyboard;
			sourceTree = "<group>";
		};
		79C5DC2C1CA2B8FC005DFD1B /* LaunchScreen.storyboard */ = {
			isa = PBXVariantGroup;
			children = (
				79C5DC2D1CA2B8FC005DFD1B /* Base */,
			);
			name = LaunchScreen.storyboard;
			sourceTree = "<group>";
		};
/* End PBXVariantGroup section */

/* Begin XCBuildConfiguration section */
		79C5DC3B1CA2B8FC005DFD1B /* Debug */ = {
			isa = XCBuildConfiguration;
			buildSettings = {
				ALWAYS_SEARCH_USER_PATHS = NO;
				CLANG_CXX_LANGUAGE_STANDARD = "gnu++0x";
				CLANG_CXX_LIBRARY = "libc++";
				CLANG_ENABLE_MODULES = YES;
				CLANG_ENABLE_OBJC_ARC = YES;
				CLANG_WARN_BOOL_CONVERSION = YES;
				CLANG_WARN_CONSTANT_CONVERSION = YES;
				CLANG_WARN_DIRECT_OBJC_ISA_USAGE = YES_ERROR;
				CLANG_WARN_EMPTY_BODY = YES;
				CLANG_WARN_ENUM_CONVERSION = YES;
				CLANG_WARN_INT_CONVERSION = YES;
				CLANG_WARN_OBJC_ROOT_CLASS = YES_ERROR;
				CLANG_WARN_UNREACHABLE_CODE = YES;
				CLANG_WARN__DUPLICATE_METHOD_MATCH = YES;
				"CODE_SIGN_IDENTITY[sdk=iphoneos*]" = "iPhone Developer";
				COPY_PHASE_STRIP = NO;
				DEBUG_INFORMATION_FORMAT = dwarf;
				ENABLE_STRICT_OBJC_MSGSEND = YES;
				ENABLE_TESTABILITY = YES;
				GCC_C_LANGUAGE_STANDARD = gnu99;
				GCC_DYNAMIC_NO_PIC = NO;
				GCC_NO_COMMON_BLOCKS = YES;
				GCC_OPTIMIZATION_LEVEL = 0;
				GCC_PREPROCESSOR_DEFINITIONS = (
					"DEBUG=1",
					"$(inherited)",
				);
				GCC_WARN_64_TO_32_BIT_CONVERSION = YES;
				GCC_WARN_ABOUT_RETURN_TYPE = YES_ERROR;
				GCC_WARN_UNDECLARED_SELECTOR = YES;
				GCC_WARN_UNINITIALIZED_AUTOS = YES_AGGRESSIVE;
				GCC_WARN_UNUSED_FUNCTION = YES;
				GCC_WARN_UNUSED_VARIABLE = YES;
				IPHONEOS_DEPLOYMENT_TARGET = 9.2;
				MTL_ENABLE_DEBUG_INFO = YES;
				ONLY_ACTIVE_ARCH = YES;
				SDKROOT = iphoneos;
			};
			name = Debug;
		};
		79C5DC3C1CA2B8FC005DFD1B /* Release */ = {
			isa = XCBuildConfiguration;
			buildSettings = {
				ALWAYS_SEARCH_USER_PATHS = NO;
				CLANG_CXX_LANGUAGE_STANDARD = "gnu++0x";
				CLANG_CXX_LIBRARY = "libc++";
				CLANG_ENABLE_MODULES = YES;
				CLANG_ENABLE_OBJC_ARC = YES;
				CLANG_WARN_BOOL_CONVERSION = YES;
				CLANG_WARN_CONSTANT_CONVERSION = YES;
				CLANG_WARN_DIRECT_OBJC_ISA_USAGE = YES_ERROR;
				CLANG_WARN_EMPTY_BODY = YES;
				CLANG_WARN_ENUM_CONVERSION = YES;
				CLANG_WARN_INT_CONVERSION = YES;
				CLANG_WARN_OBJC_ROOT_CLASS = YES_ERROR;
				CLANG_WARN_UNREACHABLE_CODE = YES;
				CLANG_WARN__DUPLICATE_METHOD_MATCH = YES;
				"CODE_SIGN_IDENTITY[sdk=iphoneos*]" = "iPhone Developer";
				COPY_PHASE_STRIP = NO;
				DEBUG_INFORMATION_FORMAT = "dwarf-with-dsym";
				ENABLE_NS_ASSERTIONS = NO;
				ENABLE_STRICT_OBJC_MSGSEND = YES;
				GCC_C_LANGUAGE_STANDARD = gnu99;
				GCC_NO_COMMON_BLOCKS = YES;
				GCC_WARN_64_TO_32_BIT_CONVERSION = YES;
				GCC_WARN_ABOUT_RETURN_TYPE = YES_ERROR;
				GCC_WARN_UNDECLARED_SELECTOR = YES;
				GCC_WARN_UNINITIALIZED_AUTOS = YES_AGGRESSIVE;
				GCC_WARN_UNUSED_FUNCTION = YES;
				GCC_WARN_UNUSED_VARIABLE = YES;
				IPHONEOS_DEPLOYMENT_TARGET = 9.2;
				MTL_ENABLE_DEBUG_INFO = NO;
				SDKROOT = iphoneos;
				VALIDATE_PRODUCT = YES;
			};
			name = Release;
		};
		79C5DC3E1CA2B8FC005DFD1B /* Debug */ = {
			isa = XCBuildConfiguration;
			buildSettings = {
				ASSETCATALOG_COMPILER_APPICON_NAME = AppIcon;
				INFOPLIST_FILE = "interview-algorithm-in-objc/Info.plist";
				LD_RUNPATH_SEARCH_PATHS = "$(inherited) @executable_path/Frameworks";
				PRODUCT_BUNDLE_IDENTIFIER = "biyu.interview-algorithm-in-objc";
				PRODUCT_NAME = "$(TARGET_NAME)";
			};
			name = Debug;
		};
		79C5DC3F1CA2B8FC005DFD1B /* Release */ = {
			isa = XCBuildConfiguration;
			buildSettings = {
				ASSETCATALOG_COMPILER_APPICON_NAME = AppIcon;
				INFOPLIST_FILE = "interview-algorithm-in-objc/Info.plist";
				LD_RUNPATH_SEARCH_PATHS = "$(inherited) @executable_path/Frameworks";
				PRODUCT_BUNDLE_IDENTIFIER = "biyu.interview-algorithm-in-objc";
				PRODUCT_NAME = "$(TARGET_NAME)";
			};
			name = Release;
		};
		79C5DC411CA2B8FC005DFD1B /* Debug */ = {
			isa = XCBuildConfiguration;
			buildSettings = {
				BUNDLE_LOADER = "$(TEST_HOST)";
				INFOPLIST_FILE = "interview-algorithm-in-objcTests/Info.plist";
				LD_RUNPATH_SEARCH_PATHS = "$(inherited) @executable_path/Frameworks @loader_path/Frameworks";
				PRODUCT_BUNDLE_IDENTIFIER = "biyu.interview-algorithm-in-objcTests";
				PRODUCT_NAME = "$(TARGET_NAME)";
				TEST_HOST = "$(BUILT_PRODUCTS_DIR)/interview-algorithm-in-objc.app/interview-algorithm-in-objc";
			};
			name = Debug;
		};
		79C5DC421CA2B8FC005DFD1B /* Release */ = {
			isa = XCBuildConfiguration;
			buildSettings = {
				BUNDLE_LOADER = "$(TEST_HOST)";
				INFOPLIST_FILE = "interview-algorithm-in-objcTests/Info.plist";
				LD_RUNPATH_SEARCH_PATHS = "$(inherited) @executable_path/Frameworks @loader_path/Frameworks";
				PRODUCT_BUNDLE_IDENTIFIER = "biyu.interview-algorithm-in-objcTests";
				PRODUCT_NAME = "$(TARGET_NAME)";
				TEST_HOST = "$(BUILT_PRODUCTS_DIR)/interview-algorithm-in-objc.app/interview-algorithm-in-objc";
			};
			name = Release;
		};
/* End XCBuildConfiguration section */

/* Begin XCConfigurationList section */
		79C5DC161CA2B8FC005DFD1B /* Build configuration list for PBXProject "interview-algorithm-in-objc" */ = {
			isa = XCConfigurationList;
			buildConfigurations = (
				79C5DC3B1CA2B8FC005DFD1B /* Debug */,
				79C5DC3C1CA2B8FC005DFD1B /* Release */,
			);
			defaultConfigurationIsVisible = 0;
			defaultConfigurationName = Release;
		};
		79C5DC3D1CA2B8FC005DFD1B /* Build configuration list for PBXNativeTarget "interview-algorithm-in-objc" */ = {
			isa = XCConfigurationList;
			buildConfigurations = (
				79C5DC3E1CA2B8FC005DFD1B /* Debug */,
				79C5DC3F1CA2B8FC005DFD1B /* Release */,
			);
			defaultConfigurationIsVisible = 0;
			defaultConfigurationName = Release;
		};
		79C5DC401CA2B8FC005DFD1B /* Build configuration list for PBXNativeTarget "interview-algorithm-in-objcTests" */ = {
			isa = XCConfigurationList;
			buildConfigurations = (
				79C5DC411CA2B8FC005DFD1B /* Debug */,
				79C5DC421CA2B8FC005DFD1B /* Release */,
			);
			defaultConfigurationIsVisible = 0;
			defaultConfigurationName = Release;
		};
/* End XCConfigurationList section */
	};
	rootObject = 79C5DC131CA2B8FC005DFD1B /* Project object */;
}
